
Microsoft Visual Studio Solution File, Format Version 12.00
# Visual Studio Version 16
VisualStudioVersion = 16.0.33214.272
MinimumVisualStudioVersion = 10.0.40219.1
Project("{FAE04EC0-301F-11D3-BF4B-00C04F79EFBC}") = "StudentDatabase", "StudentDatabase\StudentDatabase.csproj", "{88C3CB59-C033-4281-84BE-86A1219EF852}"
EndProject
Global
	GlobalSection(SolutionConfigurationPlatforms) = preSolution
		Debug|Any CPU = Debug|Any CPU
		Release|Any CPU = Release|Any CPU
	EndGlobalSection
	GlobalSection(ProjectConfigurationPlatforms) = postSolution
		{88C3CB59-C033-4281-84BE-86A1219EF852}.Debug|Any CPU.ActiveCfg = Debug|Any CPU
		{88C3CB59-C033-4281-84BE-86A1219EF852}.Debug|Any CPU.Build.0 = Debug|Any CPU
		{88C3CB59-C033-4281-84BE-86A1219EF852}.Release|Any CPU.ActiveCfg = Release|Any CPU
		{88C3CB59-C033-4281-84BE-86A1219EF852}.Release|Any CPU.Build.0 = Release|Any CPU
	EndGlobalSection
	GlobalSection(SolutionProperties) = preSolution
		HideSolutionNode = FALSE
	EndGlobalSection
	GlobalSection(ExtensibilityGlobals) = postSolution
		SolutionGuid = {579B400E-6622-446F-A9B5-BF12A12EE387}
	EndGlobalSection
EndGlobal
