
Microsoft Visual Studio Solution File, Format Version 12.00
# Visual Studio Version 16
VisualStudioVersion = 16.0.33214.272
MinimumVisualStudioVersion = 10.0.40219.1
Project("{FAE04EC0-301F-11D3-BF4B-00C04F79EFBC}") = "TwentyOne", "TwentyOne\TwentyOne.csproj", "{185F1C65-D29B-47D9-A547-124B5C5C0329}"
EndProject
Project("{FAE04EC0-301F-11D3-BF4B-00C04F79EFBC}") = "Casino", "Casino\Casino.csproj", "{35C443CC-CDF9-455B-A250-89B7F4122E3D}"
EndProject
Global
	GlobalSection(SolutionConfigurationPlatforms) = preSolution
		Debug|Any CPU = Debug|Any CPU
		Release|Any CPU = Release|Any CPU
	EndGlobalSection
	GlobalSection(ProjectConfigurationPlatforms) = postSolution
		{185F1C65-D29B-47D9-A547-124B5C5C0329}.Debug|Any CPU.ActiveCfg = Debug|Any CPU
		{185F1C65-D29B-47D9-A547-124B5C5C0329}.Debug|Any CPU.Build.0 = Debug|Any CPU
		{185F1C65-D29B-47D9-A547-124B5C5C0329}.Release|Any CPU.ActiveCfg = Release|Any CPU
		{185F1C65-D29B-47D9-A547-124B5C5C0329}.Release|Any CPU.Build.0 = Release|Any CPU
		{35C443CC-CDF9-455B-A250-89B7F4122E3D}.Debug|Any CPU.ActiveCfg = Debug|Any CPU
		{35C443CC-CDF9-455B-A250-89B7F4122E3D}.Debug|Any CPU.Build.0 = Debug|Any CPU
		{35C443CC-CDF9-455B-A250-89B7F4122E3D}.Release|Any CPU.ActiveCfg = Release|Any CPU
		{35C443CC-CDF9-455B-A250-89B7F4122E3D}.Release|Any CPU.Build.0 = Release|Any CPU
	EndGlobalSection
	GlobalSection(SolutionProperties) = preSolution
		HideSolutionNode = FALSE
	EndGlobalSection
	GlobalSection(ExtensibilityGlobals) = postSolution
		SolutionGuid = {4D047CE3-C5F1-4D1F-AE4D-5623910A4795}
	EndGlobalSection
EndGlobal
