
Microsoft Visual Studio Solution File, Format Version 12.00
# Visual Studio Version 16
VisualStudioVersion = 16.0.33130.400
MinimumVisualStudioVersion = 10.0.40219.1
Project("{FAE04EC0-301F-11D3-BF4B-00C04F79EFBC}") = "BranchingAssignment", "BranchingAssignment\BranchingAssignment.csproj", "{44C2CA3E-2FB7-4D95-A5B4-9892AA000260}"
EndProject
Global
	GlobalSection(SolutionConfigurationPlatforms) = preSolution
		Debug|Any CPU = Debug|Any CPU
		Release|Any CPU = Release|Any CPU
	EndGlobalSection
	GlobalSection(ProjectConfigurationPlatforms) = postSolution
		{44C2CA3E-2FB7-4D95-A5B4-9892AA000260}.Debug|Any CPU.ActiveCfg = Debug|Any CPU
		{44C2CA3E-2FB7-4D95-A5B4-9892AA000260}.Debug|Any CPU.Build.0 = Debug|Any CPU
		{44C2CA3E-2FB7-4D95-A5B4-9892AA000260}.Release|Any CPU.ActiveCfg = Release|Any CPU
		{44C2CA3E-2FB7-4D95-A5B4-9892AA000260}.Release|Any CPU.Build.0 = Release|Any CPU
	EndGlobalSection
	GlobalSection(SolutionProperties) = preSolution
		HideSolutionNode = FALSE
	EndGlobalSection
	GlobalSection(ExtensibilityGlobals) = postSolution
		SolutionGuid = {F82EA554-C943-4119-AEE9-A6ABAAB5B5C2}
	EndGlobalSection
EndGlobal
