
Microsoft Visual Studio Solution File, Format Version 12.00
# Visual Studio Version 16
VisualStudioVersion = 16.0.33214.272
MinimumVisualStudioVersion = 10.0.40219.1
Project("{FAE04EC0-301F-11D3-BF4B-00C04F79EFBC}") = "DateTimePractice", "DateTimePractice\DateTimePractice.csproj", "{A1198D76-6504-475D-91A7-B034CE1BA0EC}"
EndProject
Global
	GlobalSection(SolutionConfigurationPlatforms) = preSolution
		Debug|Any CPU = Debug|Any CPU
		Release|Any CPU = Release|Any CPU
	EndGlobalSection
	GlobalSection(ProjectConfigurationPlatforms) = postSolution
		{A1198D76-6504-475D-91A7-B034CE1BA0EC}.Debug|Any CPU.ActiveCfg = Debug|Any CPU
		{A1198D76-6504-475D-91A7-B034CE1BA0EC}.Debug|Any CPU.Build.0 = Debug|Any CPU
		{A1198D76-6504-475D-91A7-B034CE1BA0EC}.Release|Any CPU.ActiveCfg = Release|Any CPU
		{A1198D76-6504-475D-91A7-B034CE1BA0EC}.Release|Any CPU.Build.0 = Release|Any CPU
	EndGlobalSection
	GlobalSection(SolutionProperties) = preSolution
		HideSolutionNode = FALSE
	EndGlobalSection
	GlobalSection(ExtensibilityGlobals) = postSolution
		SolutionGuid = {CED395B9-D456-4473-8E27-23E65D15CD6D}
	EndGlobalSection
EndGlobal
