
Microsoft Visual Studio Solution File, Format Version 12.00
# Visual Studio Version 16
VisualStudioVersion = 16.0.33130.400
MinimumVisualStudioVersion = 10.0.40219.1
Project("{FAE04EC0-301F-11D3-BF4B-00C04F79EFBC}") = "WhilePractice", "WhilePractice\WhilePractice.csproj", "{806250BA-6941-40A9-97FB-F4431CAC42C3}"
EndProject
Global
	GlobalSection(SolutionConfigurationPlatforms) = preSolution
		Debug|Any CPU = Debug|Any CPU
		Release|Any CPU = Release|Any CPU
	EndGlobalSection
	GlobalSection(ProjectConfigurationPlatforms) = postSolution
		{806250BA-6941-40A9-97FB-F4431CAC42C3}.Debug|Any CPU.ActiveCfg = Debug|Any CPU
		{806250BA-6941-40A9-97FB-F4431CAC42C3}.Debug|Any CPU.Build.0 = Debug|Any CPU
		{806250BA-6941-40A9-97FB-F4431CAC42C3}.Release|Any CPU.ActiveCfg = Release|Any CPU
		{806250BA-6941-40A9-97FB-F4431CAC42C3}.Release|Any CPU.Build.0 = Release|Any CPU
	EndGlobalSection
	GlobalSection(SolutionProperties) = preSolution
		HideSolutionNode = FALSE
	EndGlobalSection
	GlobalSection(ExtensibilityGlobals) = postSolution
		SolutionGuid = {851147C0-6E21-4CE7-B57D-76B152772FAD}
	EndGlobalSection
EndGlobal
