
Microsoft Visual Studio Solution File, Format Version 12.00
# Visual Studio Version 16
VisualStudioVersion = 16.0.33214.272
MinimumVisualStudioVersion = 10.0.40219.1
Project("{FAE04EC0-301F-11D3-BF4B-00C04F79EFBC}") = "PolymorphismAssignment", "PolymorphismAssignment\PolymorphismAssignment.csproj", "{119E5341-7A6A-405E-B8A4-E715E4F871E8}"
EndProject
Global
	GlobalSection(SolutionConfigurationPlatforms) = preSolution
		Debug|Any CPU = Debug|Any CPU
		Release|Any CPU = Release|Any CPU
	EndGlobalSection
	GlobalSection(ProjectConfigurationPlatforms) = postSolution
		{119E5341-7A6A-405E-B8A4-E715E4F871E8}.Debug|Any CPU.ActiveCfg = Debug|Any CPU
		{119E5341-7A6A-405E-B8A4-E715E4F871E8}.Debug|Any CPU.Build.0 = Debug|Any CPU
		{119E5341-7A6A-405E-B8A4-E715E4F871E8}.Release|Any CPU.ActiveCfg = Release|Any CPU
		{119E5341-7A6A-405E-B8A4-E715E4F871E8}.Release|Any CPU.Build.0 = Release|Any CPU
	EndGlobalSection
	GlobalSection(SolutionProperties) = preSolution
		HideSolutionNode = FALSE
	EndGlobalSection
	GlobalSection(ExtensibilityGlobals) = postSolution
		SolutionGuid = {AFFA6BFB-5568-4D47-A025-FCCCF59C769E}
	EndGlobalSection
EndGlobal
